
Microsoft Visual Studio Solution File, Format Version 12.00
# Visual Studio 15
VisualStudioVersion = 15.0.26430.12
MinimumVisualStudioVersion = 10.0.40219.1
Project("{FAE04EC0-301F-11D3-BF4B-00C04F79EFBC}") = "Ex04.Menus.Interfaces", "Ex04.Menus.Interfaces\Ex04.Menus.Interfaces.csproj", "{C3803C09-78CE-40D6-B74F-037450F6554C}"
EndProject
Project("{FAE04EC0-301F-11D3-BF4B-00C04F79EFBC}") = "Ex04.Menues.Delegates", "Ex04.Menues.Delegates\Ex04.Menues.Delegates.csproj", "{B48BFDAD-9AEA-4FA0-AC36-ABDBCF44F2E9}"
EndProject
Project("{FAE04EC0-301F-11D3-BF4B-00C04F79EFBC}") = "Ex04.Menus.Test", "Ex04.Menus.Test\Ex04.Menus.Test.csproj", "{F4748EDA-EFDF-49DA-A047-0B4F1A33CD90}"
EndProject
Global
	GlobalSection(SolutionConfigurationPlatforms) = preSolution
		Debug|Any CPU = Debug|Any CPU
		Release|Any CPU = Release|Any CPU
	EndGlobalSection
	GlobalSection(ProjectConfigurationPlatforms) = postSolution
		{C3803C09-78CE-40D6-B74F-037450F6554C}.Debug|Any CPU.ActiveCfg = Debug|Any CPU
		{C3803C09-78CE-40D6-B74F-037450F6554C}.Debug|Any CPU.Build.0 = Debug|Any CPU
		{C3803C09-78CE-40D6-B74F-037450F6554C}.Release|Any CPU.ActiveCfg = Release|Any CPU
		{C3803C09-78CE-40D6-B74F-037450F6554C}.Release|Any CPU.Build.0 = Release|Any CPU
		{B48BFDAD-9AEA-4FA0-AC36-ABDBCF44F2E9}.Debug|Any CPU.ActiveCfg = Debug|Any CPU
		{B48BFDAD-9AEA-4FA0-AC36-ABDBCF44F2E9}.Debug|Any CPU.Build.0 = Debug|Any CPU
		{B48BFDAD-9AEA-4FA0-AC36-ABDBCF44F2E9}.Release|Any CPU.ActiveCfg = Release|Any CPU
		{B48BFDAD-9AEA-4FA0-AC36-ABDBCF44F2E9}.Release|Any CPU.Build.0 = Release|Any CPU
		{F4748EDA-EFDF-49DA-A047-0B4F1A33CD90}.Debug|Any CPU.ActiveCfg = Debug|Any CPU
		{F4748EDA-EFDF-49DA-A047-0B4F1A33CD90}.Debug|Any CPU.Build.0 = Debug|Any CPU
		{F4748EDA-EFDF-49DA-A047-0B4F1A33CD90}.Release|Any CPU.ActiveCfg = Release|Any CPU
		{F4748EDA-EFDF-49DA-A047-0B4F1A33CD90}.Release|Any CPU.Build.0 = Release|Any CPU
	EndGlobalSection
	GlobalSection(SolutionProperties) = preSolution
		HideSolutionNode = FALSE
	EndGlobalSection
EndGlobal
